// !$*UTF8*$!
{
	archiveVersion = 1;
	classes = {
	};
	objectVersion = 77;
	objects = {

/* Begin PBXBuildFile section */
		EEEF72192E6005300091C1BD /* Moya in Frameworks */ = {isa = PBXBuildFile; productRef = EEEF72182E6005300091C1BD /* Moya */; };
/* End PBXBuildFile section */

/* Begin PBXContainerItemProxy section */
		EE29B1172E540DE5009CF9D0 /* PBXContainerItemProxy */ = {
			isa = PBXContainerItemProxy;
			containerPortal = EE29B1012E540DE2009CF9D0 /* Project object */;
			proxyType = 1;
			remoteGlobalIDString = EE29B1082E540DE2009CF9D0;
			remoteInfo = Afterschool;
		};
		EE29B1212E540DE5009CF9D0 /* PBXContainerItemProxy */ = {
			isa = PBXContainerItemProxy;
			containerPortal = EE29B1012E540DE2009CF9D0 /* Project object */;
			proxyType = 1;
			remoteGlobalIDString = EE29B1082E540DE2009CF9D0;
			remoteInfo = Afterschool;
		};
/* End PBXContainerItemProxy section */

/* Begin PBXFileReference section */
		EE29B1092E540DE2009CF9D0 /* Afterschool.app */ = {isa = PBXFileReference; explicitFileType = wrapper.application; includeInIndex = 0; path = Afterschool.app; sourceTree = BUILT_PRODUCTS_DIR; };
		EE29B1162E540DE5009CF9D0 /* AfterschoolTests.xctest */ = {isa = PBXFileReference; explicitFileType = wrapper.cfbundle; includeInIndex = 0; path = AfterschoolTests.xctest; sourceTree = BUILT_PRODUCTS_DIR; };
		EE29B1202E540DE5009CF9D0 /* AfterschoolUITests.xctest */ = {isa = PBXFileReference; explicitFileType = wrapper.cfbundle; includeInIndex = 0; path = AfterschoolUITests.xctest; sourceTree = BUILT_PRODUCTS_DIR; };
/* End PBXFileReference section */

/* Begin PBXFileSystemSynchronizedBuildFileExceptionSet section */
		0D378FFE2E607AD2004A26C7 /* Exceptions for "Afterschool" folder in "Afterschool" target */ = {
			isa = PBXFileSystemSynchronizedBuildFileExceptionSet;
			membershipExceptions = (
				Info.plist,
			);
			target = EE29B1082E540DE2009CF9D0 /* Afterschool */;
		};
/* End PBXFileSystemSynchronizedBuildFileExceptionSet section */

/* Begin PBXFileSystemSynchronizedRootGroup section */
		EE29B10B2E540DE2009CF9D0 /* Afterschool */ = {
			isa = PBXFileSystemSynchronizedRootGroup;
			exceptions = (
				0D378FFE2E607AD2004A26C7 /* Exceptions for "Afterschool" folder in "Afterschool" target */,
			);
			path = Afterschool;
			sourceTree = "<group>";
		};
		EE29B1192E540DE5009CF9D0 /* AfterschoolTests */ = {
			isa = PBXFileSystemSynchronizedRootGroup;
			path = AfterschoolTests;
			sourceTree = "<group>";
		};
		EE29B1232E540DE5009CF9D0 /* AfterschoolUITests */ = {
			isa = PBXFileSystemSynchronizedRootGroup;
			path = AfterschoolUITests;
			sourceTree = "<group>";
		};
/* End PBXFileSystemSynchronizedRootGroup section */

/* Begin PBXFrameworksBuildPhase section */
		EE29B1062E540DE2009CF9D0 /* Frameworks */ = {
			isa = PBXFrameworksBuildPhase;
			buildActionMask = 2147483647;
			files = (
				EEEF72192E6005300091C1BD /* Moya in Frameworks */,
			);
			runOnlyForDeploymentPostprocessing = 0;
		};
		EE29B1132E540DE5009CF9D0 /* Frameworks */ = {
			isa = PBXFrameworksBuildPhase;
			buildActionMask = 2147483647;
			files = (
			);
			runOnlyForDeploymentPostprocessing = 0;
		};
		EE29B11D2E540DE5009CF9D0 /* Frameworks */ = {
			isa = PBXFrameworksBuildPhase;
			buildActionMask = 2147483647;
			files = (
			);
			runOnlyForDeploymentPostprocessing = 0;
		};
/* End PBXFrameworksBuildPhase section */

/* Begin PBXGroup section */
		EE29B1002E540DE2009CF9D0 = {
			isa = PBXGroup;
			children = (
				EE29B10B2E540DE2009CF9D0 /* Afterschool */,
				EE29B1192E540DE5009CF9D0 /* AfterschoolTests */,
				EE29B1232E540DE5009CF9D0 /* AfterschoolUITests */,
				EE29B10A2E540DE2009CF9D0 /* Products */,
			);
			sourceTree = "<group>";
		};
		EE29B10A2E540DE2009CF9D0 /* Products */ = {
			isa = PBXGroup;
			children = (
				EE29B1092E540DE2009CF9D0 /* Afterschool.app */,
				EE29B1162E540DE5009CF9D0 /* AfterschoolTests.xctest */,
				EE29B1202E540DE5009CF9D0 /* AfterschoolUITests.xctest */,
			);
			name = Products;
			sourceTree = "<group>";
		};
/* End PBXGroup section */

/* Begin PBXNativeTarget section */
		EE29B1082E540DE2009CF9D0 /* Afterschool */ = {
			isa = PBXNativeTarget;
			buildConfigurationList = EE29B12A2E540DE5009CF9D0 /* Build configuration list for PBXNativeTarget "Afterschool" */;
			buildPhases = (
				EE29B1052E540DE2009CF9D0 /* Sources */,
				EE29B1062E540DE2009CF9D0 /* Frameworks */,
				EE29B1072E540DE2009CF9D0 /* Resources */,
			);
			buildRules = (
			);
			dependencies = (
			);
			fileSystemSynchronizedGroups = (
				EE29B10B2E540DE2009CF9D0 /* Afterschool */,
			);
			name = Afterschool;
			packageProductDependencies = (
				EEEF72182E6005300091C1BD /* Moya */,
			);
			productName = Afterschool;
			productReference = EE29B1092E540DE2009CF9D0 /* Afterschool.app */;
			productType = "com.apple.product-type.application";
		};
		EE29B1152E540DE5009CF9D0 /* AfterschoolTests */ = {
			isa = PBXNativeTarget;
			buildConfigurationList = EE29B12D2E540DE5009CF9D0 /* Build configuration list for PBXNativeTarget "AfterschoolTests" */;
			buildPhases = (
				EE29B1122E540DE5009CF9D0 /* Sources */,
				EE29B1132E540DE5009CF9D0 /* Frameworks */,
				EE29B1142E540DE5009CF9D0 /* Resources */,
			);
			buildRules = (
			);
			dependencies = (
				EE29B1182E540DE5009CF9D0 /* PBXTargetDependency */,
			);
			fileSystemSynchronizedGroups = (
				EE29B1192E540DE5009CF9D0 /* AfterschoolTests */,
			);
			name = AfterschoolTests;
			packageProductDependencies = (
			);
			productName = AfterschoolTests;
			productReference = EE29B1162E540DE5009CF9D0 /* AfterschoolTests.xctest */;
			productType = "com.apple.product-type.bundle.unit-test";
		};
		EE29B11F2E540DE5009CF9D0 /* AfterschoolUITests */ = {
			isa = PBXNativeTarget;
			buildConfigurationList = EE29B1302E540DE5009CF9D0 /* Build configuration list for PBXNativeTarget "AfterschoolUITests" */;
			buildPhases = (
				EE29B11C2E540DE5009CF9D0 /* Sources */,
				EE29B11D2E540DE5009CF9D0 /* Frameworks */,
				EE29B11E2E540DE5009CF9D0 /* Resources */,
			);
			buildRules = (
			);
			dependencies = (
				EE29B1222E540DE5009CF9D0 /* PBXTargetDependency */,
			);
			fileSystemSynchronizedGroups = (
				EE29B1232E540DE5009CF9D0 /* AfterschoolUITests */,
			);
			name = AfterschoolUITests;
			packageProductDependencies = (
			);
			productName = AfterschoolUITests;
			productReference = EE29B1202E540DE5009CF9D0 /* AfterschoolUITests.xctest */;
			productType = "com.apple.product-type.bundle.ui-testing";
		};
/* End PBXNativeTarget section */

/* Begin PBXProject section */
		EE29B1012E540DE2009CF9D0 /* Project object */ = {
			isa = PBXProject;
			attributes = {
				BuildIndependentTargetsInParallel = 1;
				LastSwiftUpdateCheck = 1640;
				LastUpgradeCheck = 1640;
				TargetAttributes = {
					EE29B1082E540DE2009CF9D0 = {
						CreatedOnToolsVersion = 16.4;
					};
					EE29B1152E540DE5009CF9D0 = {
						CreatedOnToolsVersion = 16.4;
						TestTargetID = EE29B1082E540DE2009CF9D0;
					};
					EE29B11F2E540DE5009CF9D0 = {
						CreatedOnToolsVersion = 16.4;
						TestTargetID = EE29B1082E540DE2009CF9D0;
					};
				};
			};
			buildConfigurationList = EE29B1042E540DE2009CF9D0 /* Build configuration list for PBXProject "Afterschool" */;
			developmentRegion = ko;
			hasScannedForEncodings = 0;
			knownRegions = (
				en,
				Base,
				ko,
			);
			mainGroup = EE29B1002E540DE2009CF9D0;
			minimizedProjectReferenceProxies = 1;
			packageReferences = (
				EEEF72172E6005300091C1BD /* XCRemoteSwiftPackageReference "Moya" */,
			);
			preferredProjectObjectVersion = 77;
			productRefGroup = EE29B10A2E540DE2009CF9D0 /* Products */;
			projectDirPath = "";
			projectRoot = "";
			targets = (
				EE29B1082E540DE2009CF9D0 /* Afterschool */,
				EE29B1152E540DE5009CF9D0 /* AfterschoolTests */,
				EE29B11F2E540DE5009CF9D0 /* AfterschoolUITests */,
			);
		};
/* End PBXProject section */

/* Begin PBXResourcesBuildPhase section */
		EE29B1072E540DE2009CF9D0 /* Resources */ = {
			isa = PBXResourcesBuildPhase;
			buildActionMask = 2147483647;
			files = (
			);
			runOnlyForDeploymentPostprocessing = 0;
		};
		EE29B1142E540DE5009CF9D0 /* Resources */ = {
			isa = PBXResourcesBuildPhase;
			buildActionMask = 2147483647;
			files = (
			);
			runOnlyForDeploymentPostprocessing = 0;
		};
		EE29B11E2E540DE5009CF9D0 /* Resources */ = {
			isa = PBXResourcesBuildPhase;
			buildActionMask = 2147483647;
			files = (
			);
			runOnlyForDeploymentPostprocessing = 0;
		};
/* End PBXResourcesBuildPhase section */

/* Begin PBXSourcesBuildPhase section */
		EE29B1052E540DE2009CF9D0 /* Sources */ = {
			isa = PBXSourcesBuildPhase;
			buildActionMask = 2147483647;
			files = (
			);
			runOnlyForDeploymentPostprocessing = 0;
		};
		EE29B1122E540DE5009CF9D0 /* Sources */ = {
			isa = PBXSourcesBuildPhase;
			buildActionMask = 2147483647;
			files = (
			);
			runOnlyForDeploymentPostprocessing = 0;
		};
		EE29B11C2E540DE5009CF9D0 /* Sources */ = {
			isa = PBXSourcesBuildPhase;
			buildActionMask = 2147483647;
			files = (
			);
			runOnlyForDeploymentPostprocessing = 0;
		};
/* End PBXSourcesBuildPhase section */

/* Begin PBXTargetDependency section */
		EE29B1182E540DE5009CF9D0 /* PBXTargetDependency */ = {
			isa = PBXTargetDependency;
			target = EE29B1082E540DE2009CF9D0 /* Afterschool */;
			targetProxy = EE29B1172E540DE5009CF9D0 /* PBXContainerItemProxy */;
		};
		EE29B1222E540DE5009CF9D0 /* PBXTargetDependency */ = {
			isa = PBXTargetDependency;
			target = EE29B1082E540DE2009CF9D0 /* Afterschool */;
			targetProxy = EE29B1212E540DE5009CF9D0 /* PBXContainerItemProxy */;
		};
/* End PBXTargetDependency section */

/* Begin XCBuildConfiguration section */
		EE29B1282E540DE5009CF9D0 /* Debug */ = {
			isa = XCBuildConfiguration;
			baseConfigurationReferenceAnchor = EE29B10B2E540DE2009CF9D0 /* Afterschool */;
			baseConfigurationReferenceRelativePath = Application/Secret.xcconfig;
			buildSettings = {
				ALWAYS_SEARCH_USER_PATHS = NO;
				ASSETCATALOG_COMPILER_GENERATE_SWIFT_ASSET_SYMBOL_EXTENSIONS = YES;
				CLANG_ANALYZER_NONNULL = YES;
				CLANG_ANALYZER_NUMBER_OBJECT_CONVERSION = YES_AGGRESSIVE;
				CLANG_CXX_LANGUAGE_STANDARD = "gnu++20";
				CLANG_ENABLE_MODULES = YES;
				CLANG_ENABLE_OBJC_ARC = YES;
				CLANG_ENABLE_OBJC_WEAK = YES;
				CLANG_WARN_BLOCK_CAPTURE_AUTORELEASING = YES;
				CLANG_WARN_BOOL_CONVERSION = YES;
				CLANG_WARN_COMMA = YES;
				CLANG_WARN_CONSTANT_CONVERSION = YES;
				CLANG_WARN_DEPRECATED_OBJC_IMPLEMENTATIONS = YES;
				CLANG_WARN_DIRECT_OBJC_ISA_USAGE = YES_ERROR;
				CLANG_WARN_DOCUMENTATION_COMMENTS = YES;
				CLANG_WARN_EMPTY_BODY = YES;
				CLANG_WARN_ENUM_CONVERSION = YES;
				CLANG_WARN_INFINITE_RECURSION = YES;
				CLANG_WARN_INT_CONVERSION = YES;
				CLANG_WARN_NON_LITERAL_NULL_CONVERSION = YES;
				CLANG_WARN_OBJC_IMPLICIT_RETAIN_SELF = YES;
				CLANG_WARN_OBJC_LITERAL_CONVERSION = YES;
				CLANG_WARN_OBJC_ROOT_CLASS = YES_ERROR;
				CLANG_WARN_QUOTED_INCLUDE_IN_FRAMEWORK_HEADER = YES;
				CLANG_WARN_RANGE_LOOP_ANALYSIS = YES;
				CLANG_WARN_STRICT_PROTOTYPES = YES;
				CLANG_WARN_SUSPICIOUS_MOVE = YES;
				CLANG_WARN_UNGUARDED_AVAILABILITY = YES_AGGRESSIVE;
				CLANG_WARN_UNREACHABLE_CODE = YES;
				CLANG_WARN__DUPLICATE_METHOD_MATCH = YES;
				COPY_PHASE_STRIP = NO;
				DEBUG_INFORMATION_FORMAT = dwarf;
				DEVELOPMENT_TEAM = UKZF3A6P2B;
				ENABLE_STRICT_OBJC_MSGSEND = YES;
				ENABLE_TESTABILITY = YES;
				ENABLE_USER_SCRIPT_SANDBOXING = YES;
				GCC_C_LANGUAGE_STANDARD = gnu17;
				GCC_DYNAMIC_NO_PIC = NO;
				GCC_NO_COMMON_BLOCKS = YES;
				GCC_OPTIMIZATION_LEVEL = 0;
				GCC_PREPROCESSOR_DEFINITIONS = (
					"DEBUG=1",
					"$(inherited)",
				);
				GCC_WARN_64_TO_32_BIT_CONVERSION = YES;
				GCC_WARN_ABOUT_RETURN_TYPE = YES_ERROR;
				GCC_WARN_UNDECLARED_SELECTOR = YES;
				GCC_WARN_UNINITIALIZED_AUTOS = YES_AGGRESSIVE;
				GCC_WARN_UNUSED_FUNCTION = YES;
				GCC_WARN_UNUSED_VARIABLE = YES;
				IPHONEOS_DEPLOYMENT_TARGET = 18.5;
				LOCALIZATION_PREFERS_STRING_CATALOGS = YES;
				MTL_ENABLE_DEBUG_INFO = INCLUDE_SOURCE;
				MTL_FAST_MATH = YES;
				ONLY_ACTIVE_ARCH = YES;
				SDKROOT = iphoneos;
				SWIFT_ACTIVE_COMPILATION_CONDITIONS = "DEBUG $(inherited)";
				SWIFT_OPTIMIZATION_LEVEL = "-Onone";
			};
			name = Debug;
		};
		EE29B1292E540DE5009CF9D0 /* Release */ = {
			isa = XCBuildConfiguration;
			baseConfigurationReferenceAnchor = EE29B10B2E540DE2009CF9D0 /* Afterschool */;
			baseConfigurationReferenceRelativePath = Application/Secret.xcconfig;
			buildSettings = {
				ALWAYS_SEARCH_USER_PATHS = NO;
				ASSETCATALOG_COMPILER_GENERATE_SWIFT_ASSET_SYMBOL_EXTENSIONS = YES;
				CLANG_ANALYZER_NONNULL = YES;
				CLANG_ANALYZER_NUMBER_OBJECT_CONVERSION = YES_AGGRESSIVE;
				CLANG_CXX_LANGUAGE_STANDARD = "gnu++20";
				CLANG_ENABLE_MODULES = YES;
				CLANG_ENABLE_OBJC_ARC = YES;
				CLANG_ENABLE_OBJC_WEAK = YES;
				CLANG_WARN_BLOCK_CAPTURE_AUTORELEASING = YES;
				CLANG_WARN_BOOL_CONVERSION = YES;
				CLANG_WARN_COMMA = YES;
				CLANG_WARN_CONSTANT_CONVERSION = YES;
				CLANG_WARN_DEPRECATED_OBJC_IMPLEMENTATIONS = YES;
				CLANG_WARN_DIRECT_OBJC_ISA_USAGE = YES_ERROR;
				CLANG_WARN_DOCUMENTATION_COMMENTS = YES;
				CLANG_WARN_EMPTY_BODY = YES;
				CLANG_WARN_ENUM_CONVERSION = YES;
				CLANG_WARN_INFINITE_RECURSION = YES;
				CLANG_WARN_INT_CONVERSION = YES;
				CLANG_WARN_NON_LITERAL_NULL_CONVERSION = YES;
				CLANG_WARN_OBJC_IMPLICIT_RETAIN_SELF = YES;
				CLANG_WARN_OBJC_LITERAL_CONVERSION = YES;
				CLANG_WARN_OBJC_ROOT_CLASS = YES_ERROR;
				CLANG_WARN_QUOTED_INCLUDE_IN_FRAMEWORK_HEADER = YES;
				CLANG_WARN_RANGE_LOOP_ANALYSIS = YES;
				CLANG_WARN_STRICT_PROTOTYPES = YES;
				CLANG_WARN_SUSPICIOUS_MOVE = YES;
				CLANG_WARN_UNGUARDED_AVAILABILITY = YES_AGGRESSIVE;
				CLANG_WARN_UNREACHABLE_CODE = YES;
				CLANG_WARN__DUPLICATE_METHOD_MATCH = YES;
				COPY_PHASE_STRIP = NO;
				DEBUG_INFORMATION_FORMAT = "dwarf-with-dsym";
				DEVELOPMENT_TEAM = UKZF3A6P2B;
				ENABLE_NS_ASSERTIONS = NO;
				ENABLE_STRICT_OBJC_MSGSEND = YES;
				ENABLE_USER_SCRIPT_SANDBOXING = YES;
				GCC_C_LANGUAGE_STANDARD = gnu17;
				GCC_NO_COMMON_BLOCKS = YES;
				GCC_WARN_64_TO_32_BIT_CONVERSION = YES;
				GCC_WARN_ABOUT_RETURN_TYPE = YES_ERROR;
				GCC_WARN_UNDECLARED_SELECTOR = YES;
				GCC_WARN_UNINITIALIZED_AUTOS = YES_AGGRESSIVE;
				GCC_WARN_UNUSED_FUNCTION = YES;
				GCC_WARN_UNUSED_VARIABLE = YES;
				IPHONEOS_DEPLOYMENT_TARGET = 18.5;
				LOCALIZATION_PREFERS_STRING_CATALOGS = YES;
				MTL_ENABLE_DEBUG_INFO = NO;
				MTL_FAST_MATH = YES;
				SDKROOT = iphoneos;
				SWIFT_COMPILATION_MODE = wholemodule;
				VALIDATE_PRODUCT = YES;
			};
			name = Release;
		};
		EE29B12B2E540DE5009CF9D0 /* Debug */ = {
			isa = XCBuildConfiguration;
			buildSettings = {
				ASSETCATALOG_COMPILER_APPICON_NAME = AppIcon;
				ASSETCATALOG_COMPILER_GLOBAL_ACCENT_COLOR_NAME = AccentColor;
				CODE_SIGN_STYLE = Automatic;
				CURRENT_PROJECT_VERSION = 1;
				DEVELOPMENT_TEAM = UKZF3A6P2B;
				ENABLE_PREVIEWS = YES;
				GENERATE_INFOPLIST_FILE = YES;
				INFOPLIST_FILE = Afterschool/Info.plist;
				INFOPLIST_KEY_CFBundleDisplayName = "맛저";
				INFOPLIST_KEY_UIApplicationSceneManifest_Generation = YES;
				INFOPLIST_KEY_UILaunchScreen_Generation = YES;
				INFOPLIST_KEY_UISupportedInterfaceOrientations_iPad = "UIInterfaceOrientationPortrait UIInterfaceOrientationPortraitUpsideDown UIInterfaceOrientationLandscapeLeft UIInterfaceOrientationLandscapeRight";
				INFOPLIST_KEY_UISupportedInterfaceOrientations_iPhone = "UIInterfaceOrientationPortrait UIInterfaceOrientationLandscapeLeft UIInterfaceOrientationLandscapeRight";
				LD_RUNPATH_SEARCH_PATHS = (
					"$(inherited)",
					"@executable_path/Frameworks",
				);
				MARKETING_VERSION = 1.0;
				PRODUCT_BUNDLE_IDENTIFIER = com.afterhee.Afterschool;
				PRODUCT_NAME = "$(TARGET_NAME)";
				SWIFT_EMIT_LOC_STRINGS = YES;
				SWIFT_VERSION = 5.0;
				TARGETED_DEVICE_FAMILY = "1,2";
			};
			name = Debug;
		};
		EE29B12C2E540DE5009CF9D0 /* Release */ = {
			isa = XCBuildConfiguration;
			buildSettings = {
				ASSETCATALOG_COMPILER_APPICON_NAME = AppIcon;
				ASSETCATALOG_COMPILER_GLOBAL_ACCENT_COLOR_NAME = AccentColor;
				CODE_SIGN_STYLE = Automatic;
				CURRENT_PROJECT_VERSION = 1;
				DEVELOPMENT_TEAM = UKZF3A6P2B;
				ENABLE_PREVIEWS = YES;
				GENERATE_INFOPLIST_FILE = YES;
				INFOPLIST_FILE = Afterschool/Info.plist;
				INFOPLIST_KEY_CFBundleDisplayName = "맛저";
				INFOPLIST_KEY_UIApplicationSceneManifest_Generation = YES;
				INFOPLIST_KEY_UILaunchScreen_Generation = YES;
				INFOPLIST_KEY_UISupportedInterfaceOrientations_iPad = "UIInterfaceOrientationPortrait UIInterfaceOrientationPortraitUpsideDown UIInterfaceOrientationLandscapeLeft UIInterfaceOrientationLandscapeRight";
				INFOPLIST_KEY_UISupportedInterfaceOrientations_iPhone = "UIInterfaceOrientationPortrait UIInterfaceOrientationLandscapeLeft UIInterfaceOrientationLandscapeRight";
				LD_RUNPATH_SEARCH_PATHS = (
					"$(inherited)",
					"@executable_path/Frameworks",
				);
				MARKETING_VERSION = 1.0;
				PRODUCT_BUNDLE_IDENTIFIER = com.afterhee.Afterschool;
				PRODUCT_NAME = "$(TARGET_NAME)";
				SWIFT_EMIT_LOC_STRINGS = YES;
				SWIFT_VERSION = 5.0;
				TARGETED_DEVICE_FAMILY = "1,2";
			};
			name = Release;
		};
		EE29B12E2E540DE5009CF9D0 /* Debug */ = {
			isa = XCBuildConfiguration;
			buildSettings = {
				BUNDLE_LOADER = "$(TEST_HOST)";
				CODE_SIGN_STYLE = Automatic;
				CURRENT_PROJECT_VERSION = 1;
				DEVELOPMENT_TEAM = UKZF3A6P2B;
				GENERATE_INFOPLIST_FILE = YES;
				IPHONEOS_DEPLOYMENT_TARGET = 18.5;
				MARKETING_VERSION = 1.0;
				PRODUCT_BUNDLE_IDENTIFIER = com.afterhee.AfterschoolTests;
				PRODUCT_NAME = "$(TARGET_NAME)";
				SWIFT_EMIT_LOC_STRINGS = NO;
				SWIFT_VERSION = 5.0;
				TARGETED_DEVICE_FAMILY = "1,2";
				TEST_HOST = "$(BUILT_PRODUCTS_DIR)/Afterschool.app/$(BUNDLE_EXECUTABLE_FOLDER_PATH)/Afterschool";
			};
			name = Debug;
		};
		EE29B12F2E540DE5009CF9D0 /* Release */ = {
			isa = XCBuildConfiguration;
			buildSettings = {
				BUNDLE_LOADER = "$(TEST_HOST)";
				CODE_SIGN_STYLE = Automatic;
				CURRENT_PROJECT_VERSION = 1;
				DEVELOPMENT_TEAM = UKZF3A6P2B;
				GENERATE_INFOPLIST_FILE = YES;
				IPHONEOS_DEPLOYMENT_TARGET = 18.5;
				MARKETING_VERSION = 1.0;
				PRODUCT_BUNDLE_IDENTIFIER = com.afterhee.AfterschoolTests;
				PRODUCT_NAME = "$(TARGET_NAME)";
				SWIFT_EMIT_LOC_STRINGS = NO;
				SWIFT_VERSION = 5.0;
				TARGETED_DEVICE_FAMILY = "1,2";
				TEST_HOST = "$(BUILT_PRODUCTS_DIR)/Afterschool.app/$(BUNDLE_EXECUTABLE_FOLDER_PATH)/Afterschool";
			};
			name = Release;
		};
		EE29B1312E540DE5009CF9D0 /* Debug */ = {
			isa = XCBuildConfiguration;
			buildSettings = {
				CODE_SIGN_STYLE = Automatic;
				CURRENT_PROJECT_VERSION = 1;
				DEVELOPMENT_TEAM = UKZF3A6P2B;
				GENERATE_INFOPLIST_FILE = YES;
				MARKETING_VERSION = 1.0;
				PRODUCT_BUNDLE_IDENTIFIER = com.afterhee.AfterschoolUITests;
				PRODUCT_NAME = "$(TARGET_NAME)";
				SWIFT_EMIT_LOC_STRINGS = NO;
				SWIFT_VERSION = 5.0;
				TARGETED_DEVICE_FAMILY = "1,2";
				TEST_TARGET_NAME = Afterschool;
			};
			name = Debug;
		};
		EE29B1322E540DE5009CF9D0 /* Release */ = {
			isa = XCBuildConfiguration;
			buildSettings = {
				CODE_SIGN_STYLE = Automatic;
				CURRENT_PROJECT_VERSION = 1;
				DEVELOPMENT_TEAM = UKZF3A6P2B;
				GENERATE_INFOPLIST_FILE = YES;
				MARKETING_VERSION = 1.0;
				PRODUCT_BUNDLE_IDENTIFIER = com.afterhee.AfterschoolUITests;
				PRODUCT_NAME = "$(TARGET_NAME)";
				SWIFT_EMIT_LOC_STRINGS = NO;
				SWIFT_VERSION = 5.0;
				TARGETED_DEVICE_FAMILY = "1,2";
				TEST_TARGET_NAME = Afterschool;
			};
			name = Release;
		};
/* End XCBuildConfiguration section */

/* Begin XCConfigurationList section */
		EE29B1042E540DE2009CF9D0 /* Build configuration list for PBXProject "Afterschool" */ = {
			isa = XCConfigurationList;
			buildConfigurations = (
				EE29B1282E540DE5009CF9D0 /* Debug */,
				EE29B1292E540DE5009CF9D0 /* Release */,
			);
			defaultConfigurationIsVisible = 0;
			defaultConfigurationName = Release;
		};
		EE29B12A2E540DE5009CF9D0 /* Build configuration list for PBXNativeTarget "Afterschool" */ = {
			isa = XCConfigurationList;
			buildConfigurations = (
				EE29B12B2E540DE5009CF9D0 /* Debug */,
				EE29B12C2E540DE5009CF9D0 /* Release */,
			);
			defaultConfigurationIsVisible = 0;
			defaultConfigurationName = Release;
		};
		EE29B12D2E540DE5009CF9D0 /* Build configuration list for PBXNativeTarget "AfterschoolTests" */ = {
			isa = XCConfigurationList;
			buildConfigurations = (
				EE29B12E2E540DE5009CF9D0 /* Debug */,
				EE29B12F2E540DE5009CF9D0 /* Release */,
			);
			defaultConfigurationIsVisible = 0;
			defaultConfigurationName = Release;
		};
		EE29B1302E540DE5009CF9D0 /* Build configuration list for PBXNativeTarget "AfterschoolUITests" */ = {
			isa = XCConfigurationList;
			buildConfigurations = (
				EE29B1312E540DE5009CF9D0 /* Debug */,
				EE29B1322E540DE5009CF9D0 /* Release */,
			);
			defaultConfigurationIsVisible = 0;
			defaultConfigurationName = Release;
		};
/* End XCConfigurationList section */

/* Begin XCRemoteSwiftPackageReference section */
		EEEF72172E6005300091C1BD /* XCRemoteSwiftPackageReference "Moya" */ = {
			isa = XCRemoteSwiftPackageReference;
			repositoryURL = "https://github.com/Moya/Moya.git";
			requirement = {
				kind = upToNextMajorVersion;
				minimumVersion = 15.0.3;
			};
		};
/* End XCRemoteSwiftPackageReference section */

/* Begin XCSwiftPackageProductDependency section */
		EEEF72182E6005300091C1BD /* Moya */ = {
			isa = XCSwiftPackageProductDependency;
			package = EEEF72172E6005300091C1BD /* XCRemoteSwiftPackageReference "Moya" */;
			productName = Moya;
		};
/* End XCSwiftPackageProductDependency section */
	};
	rootObject = EE29B1012E540DE2009CF9D0 /* Project object */;
}
